{
  "name": "iconv-dir",
  "version": "0.1.0",
  "lockfileVersion": 2,
  "requires": true,
  "packages": {
    "": {
      "version": "0.1.0",
      "hasInstallScript": true,
      "dependencies": {
        "node-addon-api": "^4.2.0"
      }
    },
    "node_modules/node-addon-api": {
      "version": "4.2.0",
      "resolved": "https://registry.nlark.com/node-addon-api/download/node-addon-api-4.2.0.tgz",
      "integrity": "sha1-EXy7WpWd/wmS4cWGrgOTVz5NKoc="
    }
  },
  "dependencies": {
    "node-addon-api": {
      "version": "4.2.0",
      "resolved": "https://registry.nlark.com/node-addon-api/download/node-addon-api-4.2.0.tgz",
      "integrity": "sha1-EXy7WpWd/wmS4cWGrgOTVz5NKoc="
    }
  }
}
